
Microsoft Visual Studio Solution File, Format Version 12.00
# Visual Studio 2012
Project("{FAE04EC0-301F-11D3-BF4B-00C04F79EFBC}") = "ArrowDataBinding", "ArrowDataBinding\ArrowDataBinding.csproj", "{1936143A-3B13-42BF-8BDD-3F9073CFA728}"
EndProject
Project("{FAE04EC0-301F-11D3-BF4B-00C04F79EFBC}") = "SimpleFormDemo", "SimpleFormDemo\SimpleFormDemo.csproj", "{4BAA0301-4A92-4D09-8E50-4D35C3500650}"
EndProject
Project("{FAE04EC0-301F-11D3-BF4B-00C04F79EFBC}") = "ListBindingDemo", "ListBindingDemo\ListBindingDemo.csproj", "{335CE176-F03B-429E-824F-DF6EC9349679}"
EndProject
Project("{FAE04EC0-301F-11D3-BF4B-00C04F79EFBC}") = "ArrowPerformanceTests", "ArrowPerformanceTests\ArrowPerformanceTests.csproj", "{EC6BF130-268C-4793-AA21-B9904F6C5B1A}"
EndProject
Project("{2150E333-8FDC-42A3-9474-1A3956D46DE8}") = "Solution Items", "Solution Items", "{5D191232-717C-43D4-8870-0236DCE3DC61}"
	ProjectSection(SolutionItems) = preProject
		Performance1.psess = Performance1.psess
	EndProjectSection
EndProject
Project("{FAE04EC0-301F-11D3-BF4B-00C04F79EFBC}") = "CaseStudyNameSplitter-WPF", "CaseStudyNameSplitter-WPF\CaseStudyNameSplitter-WPF.csproj", "{11B02F7C-E12E-4EF2-BF7F-CBF43A6BD0CE}"
EndProject
Global
	GlobalSection(SolutionConfigurationPlatforms) = preSolution
		Debug|Any CPU = Debug|Any CPU
		Debug|Mixed Platforms = Debug|Mixed Platforms
		Debug|x86 = Debug|x86
		Release|Any CPU = Release|Any CPU
		Release|Mixed Platforms = Release|Mixed Platforms
		Release|x86 = Release|x86
	EndGlobalSection
	GlobalSection(ProjectConfigurationPlatforms) = postSolution
		{1936143A-3B13-42BF-8BDD-3F9073CFA728}.Debug|Any CPU.ActiveCfg = Debug|x86
		{1936143A-3B13-42BF-8BDD-3F9073CFA728}.Debug|Mixed Platforms.ActiveCfg = Debug|x86
		{1936143A-3B13-42BF-8BDD-3F9073CFA728}.Debug|Mixed Platforms.Build.0 = Debug|x86
		{1936143A-3B13-42BF-8BDD-3F9073CFA728}.Debug|x86.ActiveCfg = Debug|x86
		{1936143A-3B13-42BF-8BDD-3F9073CFA728}.Debug|x86.Build.0 = Debug|x86
		{1936143A-3B13-42BF-8BDD-3F9073CFA728}.Release|Any CPU.ActiveCfg = Release|x86
		{1936143A-3B13-42BF-8BDD-3F9073CFA728}.Release|Mixed Platforms.ActiveCfg = Release|x86
		{1936143A-3B13-42BF-8BDD-3F9073CFA728}.Release|Mixed Platforms.Build.0 = Release|x86
		{1936143A-3B13-42BF-8BDD-3F9073CFA728}.Release|x86.ActiveCfg = Release|x86
		{1936143A-3B13-42BF-8BDD-3F9073CFA728}.Release|x86.Build.0 = Release|x86
		{4BAA0301-4A92-4D09-8E50-4D35C3500650}.Debug|Any CPU.ActiveCfg = Debug|Any CPU
		{4BAA0301-4A92-4D09-8E50-4D35C3500650}.Debug|Any CPU.Build.0 = Debug|Any CPU
		{4BAA0301-4A92-4D09-8E50-4D35C3500650}.Debug|Mixed Platforms.ActiveCfg = Debug|Any CPU
		{4BAA0301-4A92-4D09-8E50-4D35C3500650}.Debug|Mixed Platforms.Build.0 = Debug|Any CPU
		{4BAA0301-4A92-4D09-8E50-4D35C3500650}.Debug|x86.ActiveCfg = Debug|Any CPU
		{4BAA0301-4A92-4D09-8E50-4D35C3500650}.Release|Any CPU.ActiveCfg = Release|Any CPU
		{4BAA0301-4A92-4D09-8E50-4D35C3500650}.Release|Any CPU.Build.0 = Release|Any CPU
		{4BAA0301-4A92-4D09-8E50-4D35C3500650}.Release|Mixed Platforms.ActiveCfg = Release|Any CPU
		{4BAA0301-4A92-4D09-8E50-4D35C3500650}.Release|Mixed Platforms.Build.0 = Release|Any CPU
		{4BAA0301-4A92-4D09-8E50-4D35C3500650}.Release|x86.ActiveCfg = Release|Any CPU
		{335CE176-F03B-429E-824F-DF6EC9349679}.Debug|Any CPU.ActiveCfg = Debug|Any CPU
		{335CE176-F03B-429E-824F-DF6EC9349679}.Debug|Any CPU.Build.0 = Debug|Any CPU
		{335CE176-F03B-429E-824F-DF6EC9349679}.Debug|Mixed Platforms.ActiveCfg = Debug|Any CPU
		{335CE176-F03B-429E-824F-DF6EC9349679}.Debug|Mixed Platforms.Build.0 = Debug|Any CPU
		{335CE176-F03B-429E-824F-DF6EC9349679}.Debug|x86.ActiveCfg = Debug|Any CPU
		{335CE176-F03B-429E-824F-DF6EC9349679}.Release|Any CPU.ActiveCfg = Release|Any CPU
		{335CE176-F03B-429E-824F-DF6EC9349679}.Release|Any CPU.Build.0 = Release|Any CPU
		{335CE176-F03B-429E-824F-DF6EC9349679}.Release|Mixed Platforms.ActiveCfg = Release|Any CPU
		{335CE176-F03B-429E-824F-DF6EC9349679}.Release|Mixed Platforms.Build.0 = Release|Any CPU
		{335CE176-F03B-429E-824F-DF6EC9349679}.Release|x86.ActiveCfg = Release|Any CPU
		{EC6BF130-268C-4793-AA21-B9904F6C5B1A}.Debug|Any CPU.ActiveCfg = Debug|Any CPU
		{EC6BF130-268C-4793-AA21-B9904F6C5B1A}.Debug|Any CPU.Build.0 = Debug|Any CPU
		{EC6BF130-268C-4793-AA21-B9904F6C5B1A}.Debug|Mixed Platforms.ActiveCfg = Debug|Any CPU
		{EC6BF130-268C-4793-AA21-B9904F6C5B1A}.Debug|Mixed Platforms.Build.0 = Debug|Any CPU
		{EC6BF130-268C-4793-AA21-B9904F6C5B1A}.Debug|x86.ActiveCfg = Debug|Any CPU
		{EC6BF130-268C-4793-AA21-B9904F6C5B1A}.Release|Any CPU.ActiveCfg = Release|Any CPU
		{EC6BF130-268C-4793-AA21-B9904F6C5B1A}.Release|Any CPU.Build.0 = Release|Any CPU
		{EC6BF130-268C-4793-AA21-B9904F6C5B1A}.Release|Mixed Platforms.ActiveCfg = Release|Any CPU
		{EC6BF130-268C-4793-AA21-B9904F6C5B1A}.Release|Mixed Platforms.Build.0 = Release|Any CPU
		{EC6BF130-268C-4793-AA21-B9904F6C5B1A}.Release|x86.ActiveCfg = Release|Any CPU
		{11B02F7C-E12E-4EF2-BF7F-CBF43A6BD0CE}.Debug|Any CPU.ActiveCfg = Debug|Any CPU
		{11B02F7C-E12E-4EF2-BF7F-CBF43A6BD0CE}.Debug|Any CPU.Build.0 = Debug|Any CPU
		{11B02F7C-E12E-4EF2-BF7F-CBF43A6BD0CE}.Debug|Mixed Platforms.ActiveCfg = Debug|Any CPU
		{11B02F7C-E12E-4EF2-BF7F-CBF43A6BD0CE}.Debug|Mixed Platforms.Build.0 = Debug|Any CPU
		{11B02F7C-E12E-4EF2-BF7F-CBF43A6BD0CE}.Debug|x86.ActiveCfg = Debug|Any CPU
		{11B02F7C-E12E-4EF2-BF7F-CBF43A6BD0CE}.Release|Any CPU.ActiveCfg = Release|Any CPU
		{11B02F7C-E12E-4EF2-BF7F-CBF43A6BD0CE}.Release|Any CPU.Build.0 = Release|Any CPU
		{11B02F7C-E12E-4EF2-BF7F-CBF43A6BD0CE}.Release|Mixed Platforms.ActiveCfg = Release|Any CPU
		{11B02F7C-E12E-4EF2-BF7F-CBF43A6BD0CE}.Release|Mixed Platforms.Build.0 = Release|Any CPU
		{11B02F7C-E12E-4EF2-BF7F-CBF43A6BD0CE}.Release|x86.ActiveCfg = Release|Any CPU
	EndGlobalSection
	GlobalSection(SolutionProperties) = preSolution
		HideSolutionNode = FALSE
	EndGlobalSection
	GlobalSection(Performance) = preSolution
		HasPerformanceSessions = true
	EndGlobalSection
EndGlobal
